dependencies:
- name: postgres
  repository: https://groundhog2k.github.io/helm-charts/
  version: 0.4.7
- name: redis
  repository: https://groundhog2k.github.io/helm-charts/
  version: 0.5.2
digest: sha256:27194ae3978f0a8bd5bdbeb462dbcca9dfce4cd045d11f11439f12c4f1f0cce4
generated: "2025-08-12T11:56:47.816203+02:00"
